# THIS IS AN AUTOGENERATED FILE. DO NOT EDIT THIS FILE DIRECTLY.
# yarn lockfile v1


"@types/color-name@^1.1.1":
  version "1.1.1"
  resolved "https://registry.yarnpkg.com/@types/color-name/-/color-name-1.1.1.tgz#1c1261bbeaa10a8055bbc5d8ab84b7b2afc846a0"
  integrity sha512-rr+OQyAjxze7GgWrSaJwydHStIhHq2lvY3BOC2Mj7KnzI7XK0Uw1TOOdI9lDoajEbSWLiYgoo4f1R51erQfhPQ==

"@types/eslint@6.1.8":
  version "6.1.8"
  resolved "https://registry.yarnpkg.com/@types/eslint/-/eslint-6.1.8.tgz#7e868f89bc1e520323d405940e49cb912ede5bba"
  integrity sha512-CJBhm9pYdUS8cFVbXACWlLxZWFBTQMiM0eI6RYxng3u9oQ9gHdQ5PN89DHPrK4RISRzX62nRsteUlbBgEIdSug==
  dependencies:
    "@types/estree" "*"
    "@types/json-schema" "*"

"@types/estree@*":
  version "0.0.42"
  resolved "https://registry.yarnpkg.com/@types/estree/-/estree-0.0.42.tgz#8d0c1f480339efedb3e46070e22dd63e0430dd11"
  integrity sha512-K1DPVvnBCPxzD+G51/cxVIoc2X8uUVl1zpJeE6iKcgHMj4+tbat5Xu4TjV7v2QSDbIeAfLi2hIk+u2+s0MlpUQ==

"@types/events@*":
  version "3.0.0"
  resolved "https://registry.yarnpkg.com/@types/events/-/events-3.0.0.tgz#2862f3f58a9a7f7c3e78d79f130dd4d71c25c2a7"
  integrity sha512-EaObqwIvayI5a8dCzhFrjKzVwKLxjoG9T6Ppd5CEo07LRKfQ8Yokw54r5+Wq7FaBQ+yXRvQAYPrHwya1/UFt9g==

"@types/execa@^2.0.0":
  version "2.0.0"
  resolved "https://registry.yarnpkg.com/@types/execa/-/execa-2.0.0.tgz#4dd5523520c51834bf8d0c280f460814e5238281"
  integrity sha512-aBnkJ0r3khaZkHzu9pDZeWXrDg1N/ZtDGRQkK+KIqNVvvTvW+URXMUHQQCQMYdb2GPrcwu9Fq6l9iiT+pirIbg==
  dependencies:
    execa "*"

"@types/fs-extra@8.1.0":
  version "8.1.0"
  resolved "https://registry.yarnpkg.com/@types/fs-extra/-/fs-extra-8.1.0.tgz#1114834b53c3914806cd03b3304b37b3bd221a4d"
  integrity sha512-UoOfVEzAUpeSPmjm7h1uk5MH6KZma2z2O7a75onTGjnNvAvMVrPzPL/vBbT65iIGHWj6rokwfmYcmxmlSf2uwg==
  dependencies:
    "@types/node" "*"

"@types/glob@*":
  version "7.1.1"
  resolved "https://registry.yarnpkg.com/@types/glob/-/glob-7.1.1.tgz#aa59a1c6e3fbc421e07ccd31a944c30eba521575"
  integrity sha512-1Bh06cbWJUHMC97acuD6UMG29nMt0Aqz1vF3guLfG+kHHJhy3AyohZFFxYk2f7Q1SQIrNwvncxAE0N/9s70F2w==
  dependencies:
    "@types/events" "*"
    "@types/minimatch" "*"
    "@types/node" "*"

"@types/json-schema@*":
  version "7.0.4"
  resolved "https://registry.yarnpkg.com/@types/json-schema/-/json-schema-7.0.4.tgz#38fd73ddfd9b55abb1e1b2ed578cb55bd7b7d339"
  integrity sha512-8+KAKzEvSUdeo+kmqnKrqgeE+LcA0tjYWFY7RPProVYwnqDjukzO+3b6dLD56rYX5TdWejnEOLJYOIeh4CXKuA==

"@types/minimatch@*":
  version "3.0.3"
  resolved "https://registry.yarnpkg.com/@types/minimatch/-/minimatch-3.0.3.tgz#3dca0e3f33b200fc7d1139c0cd96c1268cadfd9d"
  integrity sha512-tHq6qdbT9U1IRSGf14CL0pUlULksvY9OZ+5eEgl1N7t+OA3tGvNpxJCzuKQlsNgCVwbAs670L1vcVQi8j9HjnA==

"@types/mri@*":
  version "1.1.0"
  resolved "https://registry.yarnpkg.com/@types/mri/-/mri-1.1.0.tgz#66555e4d797713789ea0fefdae0898d8170bf5af"
  integrity sha512-fMl88ZoZXOB7VKazJ6wUMpZc9QIn+jcigSFRf2K/rrw4DcXn+/uGxlWX8DDlcE7JkwgIZ7BDH+JgxZPlc/Ap3g==

"@types/node@*":
  version "13.9.1"
  resolved "https://registry.yarnpkg.com/@types/node/-/node-13.9.1.tgz#96f606f8cd67fb018847d9b61e93997dabdefc72"
  integrity sha512-E6M6N0blf/jiZx8Q3nb0vNaswQeEyn0XlupO+xN6DtJ6r6IT4nXrTry7zhIfYvFCl3/8Cu6WIysmUBKiqV0bqQ==

"@types/ora@3.2.0":
  version "3.2.0"
  resolved "https://registry.yarnpkg.com/@types/ora/-/ora-3.2.0.tgz#b2f65d1283a8f36d8b0f9ee767e0732a2f429362"
  integrity sha512-jll99xUKpiFbIFZSQcxm4numfsLaOWBzWNaRk3PvTSE7BPqTzzOCFmS0mQ7m8qkTfmYhuYbehTGsxkvRLPC++w==
  dependencies:
    ora "*"

"@types/sade@1.6.0":
  version "1.6.0"
  resolved "https://registry.yarnpkg.com/@types/sade/-/sade-1.6.0.tgz#eef2efa892b035b42693b00c554fc9713c6fefb2"
  integrity sha512-Db3m69LUsLG4jqrJrf+X/IwwtvdxeazrDodWSNEcAGe60dxQJPXil9uNl2tJj6IRjjadNv2eDYV1XHM0utCSLQ==
  dependencies:
    "@types/mri" "*"

"@types/shelljs@0.8.6":
  version "0.8.6"
  resolved "https://registry.yarnpkg.com/@types/shelljs/-/shelljs-0.8.6.tgz#45193a51df99e0f00513c39a2152832399783221"
  integrity sha512-svx2eQS268awlppL/P8wgDLBrsDXdKznABHJcuqXyWpSKJgE1s2clXlBvAwbO/lehTmG06NtEWJRkAk4tAgenA==
  dependencies:
    "@types/glob" "*"
    "@types/node" "*"

ansi-colors@^3.2.1:
  version "3.2.4"
  resolved "https://registry.yarnpkg.com/ansi-colors/-/ansi-colors-3.2.4.tgz#e3a3da4bfbae6c86a9c285625de124a234026fbf"
  integrity sha512-hHUXGagefjN2iRrID63xckIvotOXOojhQKWIPUZ4mNUZ9nLZW+7FMNoE1lOkEhNWYsx/7ysGIuJYCiMAA9FnrA==

ansi-regex@^5.0.0:
  version "5.0.0"
  resolved "https://registry.yarnpkg.com/ansi-regex/-/ansi-regex-5.0.0.tgz#388539f55179bf39339c81af30a654d69f87cb75"
  integrity sha512-bY6fj56OUQ0hU1KjFNDQuJFezqKdrAyFdIevADiqrWHwSlbmBNMHp5ak2f40Pm8JTFyM2mqxkG6ngkHO11f/lg==

ansi-styles@^3.2.1:
  version "3.2.1"
  resolved "https://registry.yarnpkg.com/ansi-styles/-/ansi-styles-3.2.1.tgz#41fbb20243e50b12be0f04b8dedbf07520ce841d"
  integrity sha512-VT0ZI6kZRdTh8YyJw3SMbYm/u+NqfsAxEpWO0Pf9sq8/e94WxxOpPKx9FR1FlyCtOVDNOQ+8ntlqFxiRc+r5qA==
  dependencies:
    color-convert "^1.9.0"

ansi-styles@^4.1.0:
  version "4.2.1"
  resolved "https://registry.yarnpkg.com/ansi-styles/-/ansi-styles-4.2.1.tgz#90ae75c424d008d2624c5bf29ead3177ebfcf359"
  integrity sha512-9VGjrMsG1vePxcSweQsN20KY/c4zN0h9fLjqAbwbPfahM3t+NL+M9HC8xeXG2I8pX5NoamTGNuomEUFI7fcUjA==
  dependencies:
    "@types/color-name" "^1.1.1"
    color-convert "^2.0.1"

balanced-match@^1.0.0:
  version "1.0.0"
  resolved "https://registry.yarnpkg.com/balanced-match/-/balanced-match-1.0.0.tgz#89b4d199ab2bee49de164ea02b89ce462d71b767"
  integrity sha1-ibTRmasr7kneFk6gK4nORi1xt2c=

brace-expansion@^1.1.7:
  version "1.1.11"
  resolved "https://registry.yarnpkg.com/brace-expansion/-/brace-expansion-1.1.11.tgz#3c7fcbf529d87226f3d2f52b966ff5271eb441dd"
  integrity sha512-iCuPHDFgrHX7H2vEI/5xpz07zSHB00TpugqhmYtVmMO6518mCuRMoOYFldEBl0g187ufozdaHgWKcYFb61qGiA==
  dependencies:
    balanced-match "^1.0.0"
    concat-map "0.0.1"

chalk@3.0.0, chalk@^3.0.0:
  version "3.0.0"
  resolved "https://registry.yarnpkg.com/chalk/-/chalk-3.0.0.tgz#3f73c2bf526591f574cc492c51e2456349f844e4"
  integrity sha512-4D3B6Wf41KOYRFdszmDqMCGq5VV/uMAB273JILmO+3jAlh8X4qDtdtgCR3fxtbLEMzSx22QdhnDcJvu2u1fVwg==
  dependencies:
    ansi-styles "^4.1.0"
    supports-color "^7.1.0"

chalk@^2.4.2:
  version "2.4.2"
  resolved "https://registry.yarnpkg.com/chalk/-/chalk-2.4.2.tgz#cd42541677a54333cf541a49108c1432b44c9424"
  integrity sha512-Mti+f9lpJNcwF4tWV8/OrTTtF1gZi+f8FqlyAdouralcFWFQWF2+NgCHShjkCb+IFBLq9buZwE1xckQU4peSuQ==
  dependencies:
    ansi-styles "^3.2.1"
    escape-string-regexp "^1.0.5"
    supports-color "^5.3.0"

cli-cursor@^3.1.0:
  version "3.1.0"
  resolved "https://registry.yarnpkg.com/cli-cursor/-/cli-cursor-3.1.0.tgz#264305a7ae490d1d03bf0c9ba7c925d1753af307"
  integrity sha512-I/zHAwsKf9FqGoXM4WWRACob9+SNukZTd94DWF57E4toouRulbCxcUh6RKUEOQlYTHJnzkPMySvPNaaSLNfLZw==
  dependencies:
    restore-cursor "^3.1.0"

cli-spinners@^2.2.0:
  version "2.2.0"
  resolved "https://registry.yarnpkg.com/cli-spinners/-/cli-spinners-2.2.0.tgz#e8b988d9206c692302d8ee834e7a85c0144d8f77"
  integrity sha512-tgU3fKwzYjiLEQgPMD9Jt+JjHVL9kW93FiIMX/l7rivvOD4/LL0Mf7gda3+4U2KJBloybwgj5KEoQgGRioMiKQ==

clone@^1.0.2:
  version "1.0.4"
  resolved "https://registry.yarnpkg.com/clone/-/clone-1.0.4.tgz#da309cc263df15994c688ca902179ca3c7cd7c7e"
  integrity sha1-2jCcwmPfFZlMaIypAheco8fNfH4=

color-convert@^1.9.0:
  version "1.9.3"
  resolved "https://registry.yarnpkg.com/color-convert/-/color-convert-1.9.3.tgz#bb71850690e1f136567de629d2d5471deda4c1e8"
  integrity sha512-QfAUtd+vFdAtFQcC8CCyYt1fYWxSqAiK2cSD6zDB8N3cpsEBAvRxp9zOGg6G/SHHJYAT88/az/IuDGALsNVbGg==
  dependencies:
    color-name "1.1.3"

color-convert@^2.0.1:
  version "2.0.1"
  resolved "https://registry.yarnpkg.com/color-convert/-/color-convert-2.0.1.tgz#72d3a68d598c9bdb3af2ad1e84f21d896abd4de3"
  integrity sha512-RRECPsj7iu/xb5oKYcsFHSppFNnsj/52OVTRKb4zP5onXwVF3zVmmToNcOfGC+CRDpfK/U584fMg38ZHCaElKQ==
  dependencies:
    color-name "~1.1.4"

color-name@1.1.3:
  version "1.1.3"
  resolved "https://registry.yarnpkg.com/color-name/-/color-name-1.1.3.tgz#a7d0558bd89c42f795dd42328f740831ca53bc25"
  integrity sha1-p9BVi9icQveV3UIyj3QIMcpTvCU=

color-name@~1.1.4:
  version "1.1.4"
  resolved "https://registry.yarnpkg.com/color-name/-/color-name-1.1.4.tgz#c2a09a87acbde69543de6f63fa3995c826c536a2"
  integrity sha512-dOy+3AuW3a2wNbZHIuMZpTcgjGuLU/uBL/ubcZF9OXbDo8ff4O8yVp5Bf0efS8uEoYo5q4Fx7dY9OgQGXgAsQA==

concat-map@0.0.1:
  version "0.0.1"
  resolved "https://registry.yarnpkg.com/concat-map/-/concat-map-0.0.1.tgz#d8a96bd77fd68df7793a73036a3ba0d5405d477b"
  integrity sha1-2Klr13/Wjfd5OnMDajug1UBdR3s=

cross-spawn@^7.0.0:
  version "7.0.1"
  resolved "https://registry.yarnpkg.com/cross-spawn/-/cross-spawn-7.0.1.tgz#0ab56286e0f7c24e153d04cc2aa027e43a9a5d14"
  integrity sha512-u7v4o84SwFpD32Z8IIcPZ6z1/ie24O6RU3RbtL5Y316l3KuHVPx9ItBgWQ6VlfAFnRnTtMUrsQ9MUUTuEZjogg==
  dependencies:
    path-key "^3.1.0"
    shebang-command "^2.0.0"
    which "^2.0.1"

defaults@^1.0.3:
  version "1.0.3"
  resolved "https://registry.yarnpkg.com/defaults/-/defaults-1.0.3.tgz#c656051e9817d9ff08ed881477f3fe4019f3ef7d"
  integrity sha1-xlYFHpgX2f8I7YgUd/P+QBnz730=
  dependencies:
    clone "^1.0.2"

end-of-stream@^1.1.0:
  version "1.4.4"
  resolved "https://registry.yarnpkg.com/end-of-stream/-/end-of-stream-1.4.4.tgz#5ae64a5f45057baf3626ec14da0ca5e4b2431eb0"
  integrity sha512-+uw1inIHVPQoaVuHzRyXd21icM+cnt4CzD5rW+NC1wjOUSTOs+Te7FOv7AhN7vS9x/oIyhLP5PR1H+phQAHu5Q==
  dependencies:
    once "^1.4.0"

enquirer@2.3.4:
  version "2.3.4"
  resolved "https://registry.yarnpkg.com/enquirer/-/enquirer-2.3.4.tgz#c608f2e1134c7f68c1c9ee056de13f9b31076de9"
  integrity sha512-pkYrrDZumL2VS6VBGDhqbajCM2xpkUNLuKfGPjfKaSIBKYopQbqEFyrOkRMIb2HDR/rO1kGhEt/5twBwtzKBXw==
  dependencies:
    ansi-colors "^3.2.1"

escape-string-regexp@^1.0.5:
  version "1.0.5"
  resolved "https://registry.yarnpkg.com/escape-string-regexp/-/escape-string-regexp-1.0.5.tgz#1b61c0562190a8dff6ae3bb2cf0200ca130b86d4"
  integrity sha1-G2HAViGQqN/2rjuyzwIAyhMLhtQ=

execa@*, execa@4.0.0:
  version "4.0.0"
  resolved "https://registry.yarnpkg.com/execa/-/execa-4.0.0.tgz#7f37d6ec17f09e6b8fc53288611695b6d12b9daf"
  integrity sha512-JbDUxwV3BoT5ZVXQrSVbAiaXhXUkIwvbhPIwZ0N13kX+5yCzOhUNdocxB/UQRuYOHRYYwAxKYwJYc0T4D12pDA==
  dependencies:
    cross-spawn "^7.0.0"
    get-stream "^5.0.0"
    human-signals "^1.1.1"
    is-stream "^2.0.0"
    merge-stream "^2.0.0"
    npm-run-path "^4.0.0"
    onetime "^5.1.0"
    signal-exit "^3.0.2"
    strip-final-newline "^2.0.0"

fs-extra@8.1.0:
  version "8.1.0"
  resolved "https://registry.yarnpkg.com/fs-extra/-/fs-extra-8.1.0.tgz#49d43c45a88cd9677668cb7be1b46efdb8d2e1c0"
  integrity sha512-yhlQgA6mnOJUKOsRUFsgJdQCvkKhcz8tlZG5HBQfReYZy46OwLcY+Zia0mtdHsOo9y/hP+CxMN0TU9QxoOtG4g==
  dependencies:
    graceful-fs "^4.2.0"
    jsonfile "^4.0.0"
    universalify "^0.1.0"

fs.realpath@^1.0.0:
  version "1.0.0"
  resolved "https://registry.yarnpkg.com/fs.realpath/-/fs.realpath-1.0.0.tgz#1504ad2523158caa40db4a2787cb01411994ea4f"
  integrity sha1-FQStJSMVjKpA20onh8sBQRmU6k8=

get-stream@^5.0.0:
  version "5.1.0"
  resolved "https://registry.yarnpkg.com/get-stream/-/get-stream-5.1.0.tgz#01203cdc92597f9b909067c3e656cc1f4d3c4dc9"
  integrity sha512-EXr1FOzrzTfGeL0gQdeFEvOMm2mzMOglyiOXSTpPC+iAjAKftbr3jpCMWynogwYnM+eSj9sHGc6wjIcDvYiygw==
  dependencies:
    pump "^3.0.0"

glob@^7.0.0:
  version "7.1.6"
  resolved "https://registry.yarnpkg.com/glob/-/glob-7.1.6.tgz#141f33b81a7c2492e125594307480c46679278a6"
  integrity sha512-LwaxwyZ72Lk7vZINtNNrywX0ZuLyStrdDtabefZKAY5ZGJhVtgdznluResxNmPitE0SAO+O26sWTHeKSI2wMBA==
  dependencies:
    fs.realpath "^1.0.0"
    inflight "^1.0.4"
    inherits "2"
    minimatch "^3.0.4"
    once "^1.3.0"
    path-is-absolute "^1.0.0"

graceful-fs@^4.1.6, graceful-fs@^4.2.0:
  version "4.2.3"
  resolved "https://registry.yarnpkg.com/graceful-fs/-/graceful-fs-4.2.3.tgz#4a12ff1b60376ef09862c2093edd908328be8423"
  integrity sha512-a30VEBm4PEdx1dRB7MFK7BejejvCvBronbLjht+sHuGYj8PHs7M/5Z+rt5lw551vZ7yfTCj4Vuyy3mSJytDWRQ==

has-flag@^3.0.0:
  version "3.0.0"
  resolved "https://registry.yarnpkg.com/has-flag/-/has-flag-3.0.0.tgz#b5d454dc2199ae225699f3467e5a07f3b955bafd"
  integrity sha1-tdRU3CGZriJWmfNGfloH87lVuv0=

has-flag@^4.0.0:
  version "4.0.0"
  resolved "https://registry.yarnpkg.com/has-flag/-/has-flag-4.0.0.tgz#944771fd9c81c81265c4d6941860da06bb59479b"
  integrity sha512-EykJT/Q1KjTWctppgIAgfSO0tKVuZUjhgMr17kqTumMl6Afv3EISleU7qZUzoXDFTAHTDC4NOoG/ZxU3EvlMPQ==

human-signals@^1.1.1:
  version "1.1.1"
  resolved "https://registry.yarnpkg.com/human-signals/-/human-signals-1.1.1.tgz#c5b1cd14f50aeae09ab6c59fe63ba3395fe4dfa3"
  integrity sha512-SEQu7vl8KjNL2eoGBLF3+wAjpsNfA9XMlXAYj/3EdaNfAlxKthD1xjEQfGOUhllCGGJVNY34bRr6lPINhNjyZw==

inflight@^1.0.4:
  version "1.0.6"
  resolved "https://registry.yarnpkg.com/inflight/-/inflight-1.0.6.tgz#49bd6331d7d02d0c09bc910a1075ba8165b56df9"
  integrity sha1-Sb1jMdfQLQwJvJEKEHW6gWW1bfk=
  dependencies:
    once "^1.3.0"
    wrappy "1"

inherits@2:
  version "2.0.4"
  resolved "https://registry.yarnpkg.com/inherits/-/inherits-2.0.4.tgz#0fa2c64f932917c3433a0ded55363aae37416b7c"
  integrity sha512-k/vGaX4/Yla3WzyMCvTQOXYeIHvqOKtnqBduzTHpzpQZzAskKMhZ2K+EnBiSM9zGSoIFeMpXKxa4dYeZIQqewQ==

interpret@^1.0.0:
  version "1.2.0"
  resolved "https://registry.yarnpkg.com/interpret/-/interpret-1.2.0.tgz#d5061a6224be58e8083985f5014d844359576296"
  integrity sha512-mT34yGKMNceBQUoVn7iCDKDntA7SC6gycMAWzGx1z/CMCTV7b2AAtXlo3nRyHZ1FelRkQbQjprHSYGwzLtkVbw==

is-interactive@^1.0.0:
  version "1.0.0"
  resolved "https://registry.yarnpkg.com/is-interactive/-/is-interactive-1.0.0.tgz#cea6e6ae5c870a7b0a0004070b7b587e0252912e"
  integrity sha512-2HvIEKRoqS62guEC+qBjpvRubdX910WCMuJTZ+I9yvqKU2/12eSL549HMwtabb4oupdj2sMP50k+XJfB/8JE6w==

is-stream@^2.0.0:
  version "2.0.0"
  resolved "https://registry.yarnpkg.com/is-stream/-/is-stream-2.0.0.tgz#bde9c32680d6fae04129d6ac9d921ce7815f78e3"
  integrity sha512-XCoy+WlUr7d1+Z8GgSuXmpuUFC9fOhRXglJMx+dwLKTkL44Cjd4W1Z5P+BQZpr+cR93aGP4S/s7Ftw6Nd/kiEw==

isexe@^2.0.0:
  version "2.0.0"
  resolved "https://registry.yarnpkg.com/isexe/-/isexe-2.0.0.tgz#e8fbf374dc556ff8947a10dcb0572d633f2cfa10"
  integrity sha1-6PvzdNxVb/iUehDcsFctYz8s+hA=

jsonfile@^4.0.0:
  version "4.0.0"
  resolved "https://registry.yarnpkg.com/jsonfile/-/jsonfile-4.0.0.tgz#8771aae0799b64076b76640fca058f9c10e33ecb"
  integrity sha1-h3Gq4HmbZAdrdmQPygWPnBDjPss=
  optionalDependencies:
    graceful-fs "^4.1.6"

log-symbols@^3.0.0:
  version "3.0.0"
  resolved "https://registry.yarnpkg.com/log-symbols/-/log-symbols-3.0.0.tgz#f3a08516a5dea893336a7dee14d18a1cfdab77c4"
  integrity sha512-dSkNGuI7iG3mfvDzUuYZyvk5dD9ocYCYzNU6CYDE6+Xqd+gwme6Z00NS3dUh8mq/73HaEtT7m6W+yUPtU6BZnQ==
  dependencies:
    chalk "^2.4.2"

merge-stream@^2.0.0:
  version "2.0.0"
  resolved "https://registry.yarnpkg.com/merge-stream/-/merge-stream-2.0.0.tgz#52823629a14dd00c9770fb6ad47dc6310f2c1f60"
  integrity sha512-abv/qOcuPfk3URPfDzmZU1LKmuw8kT+0nIHvKrKgFrwifol/doWcdA4ZqsWQ8ENrFKkd67Mfpo/LovbIUsbt3w==

mimic-fn@^2.1.0:
  version "2.1.0"
  resolved "https://registry.yarnpkg.com/mimic-fn/-/mimic-fn-2.1.0.tgz#7ed2c2ccccaf84d3ffcb7a69b57711fc2083401b"
  integrity sha512-OqbOk5oEQeAZ8WXWydlu9HJjz9WVdEIvamMCcXmuqUYjTknH/sqsWvhQ3vgwKFRR1HpjvNBKQ37nbJgYzGqGcg==

minimatch@^3.0.4:
  version "3.0.4"
  resolved "https://registry.yarnpkg.com/minimatch/-/minimatch-3.0.4.tgz#5166e286457f03306064be5497e8dbb0c3d32083"
  integrity sha512-yJHVQEhyqPLUTgt9B83PXu6W3rx4MvvHvSUvToogpwoGDOUQ+yDrR0HRot+yOCdCO7u4hX3pWft6kWBBcqh0UA==
  dependencies:
    brace-expansion "^1.1.7"

mri@^1.1.0:
  version "1.1.4"
  resolved "https://registry.yarnpkg.com/mri/-/mri-1.1.4.tgz#7cb1dd1b9b40905f1fac053abe25b6720f44744a"
  integrity sha512-6y7IjGPm8AzlvoUrwAaw1tLnUBudaS3752vcd8JtrpGGQn+rXIe63LFVHm/YMwtqAuh+LJPCFdlLYPWM1nYn6w==

mute-stream@0.0.8:
  version "0.0.8"
  resolved "https://registry.yarnpkg.com/mute-stream/-/mute-stream-0.0.8.tgz#1630c42b2251ff81e2a283de96a5497ea92e5e0d"
  integrity sha512-nnbWWOkoWyUsTjKrhgD0dcz22mdkSnpYqbEjIm2nhwhuxlSkpywJmBo8h0ZqJdkp73mb90SssHkN4rsRaBAfAA==

npm-run-path@^4.0.0:
  version "4.0.1"
  resolved "https://registry.yarnpkg.com/npm-run-path/-/npm-run-path-4.0.1.tgz#b7ecd1e5ed53da8e37a55e1c2269e0b97ed748ea"
  integrity sha512-S48WzZW777zhNIrn7gxOlISNAqi9ZC/uQFnRdbeIHhZhCA6UqpkOT8T1G7BvfdgP4Er8gF4sUbaS0i7QvIfCWw==
  dependencies:
    path-key "^3.0.0"

once@^1.3.0, once@^1.3.1, once@^1.4.0:
  version "1.4.0"
  resolved "https://registry.yarnpkg.com/once/-/once-1.4.0.tgz#583b1aa775961d4b113ac17d9c50baef9dd76bd1"
  integrity sha1-WDsap3WWHUsROsF9nFC6753Xa9E=
  dependencies:
    wrappy "1"

onetime@^5.1.0:
  version "5.1.0"
  resolved "https://registry.yarnpkg.com/onetime/-/onetime-5.1.0.tgz#fff0f3c91617fe62bb50189636e99ac8a6df7be5"
  integrity sha512-5NcSkPHhwTVFIQN+TUqXoS5+dlElHXdpAWu9I0HP20YOtIi+aZ0Ct82jdlILDxjLEAWwvm+qj1m6aEtsDVmm6Q==
  dependencies:
    mimic-fn "^2.1.0"

ora@*, ora@4.0.3:
  version "4.0.3"
  resolved "https://registry.yarnpkg.com/ora/-/ora-4.0.3.tgz#752a1b7b4be4825546a7a3d59256fa523b6b6d05"
  integrity sha512-fnDebVFyz309A73cqCipVL1fBZewq4vwgSHfxh43vVy31mbyoQ8sCH3Oeaog/owYOs/lLlGVPCISQonTneg6Pg==
  dependencies:
    chalk "^3.0.0"
    cli-cursor "^3.1.0"
    cli-spinners "^2.2.0"
    is-interactive "^1.0.0"
    log-symbols "^3.0.0"
    mute-stream "0.0.8"
    strip-ansi "^6.0.0"
    wcwidth "^1.0.1"

path-is-absolute@^1.0.0:
  version "1.0.1"
  resolved "https://registry.yarnpkg.com/path-is-absolute/-/path-is-absolute-1.0.1.tgz#174b9268735534ffbc7ace6bf53a5a9e1b5c5f5f"
  integrity sha1-F0uSaHNVNP+8es5r9TpanhtcX18=

path-key@^3.0.0, path-key@^3.1.0:
  version "3.1.1"
  resolved "https://registry.yarnpkg.com/path-key/-/path-key-3.1.1.tgz#581f6ade658cbba65a0d3380de7753295054f375"
  integrity sha512-ojmeN0qd+y0jszEtoY48r0Peq5dwMEkIlCOu6Q5f41lfkswXuKtYrhgoTpLnyIcHm24Uhqx+5Tqm2InSwLhE6Q==

path-parse@^1.0.6:
  version "1.0.6"
  resolved "https://registry.yarnpkg.com/path-parse/-/path-parse-1.0.6.tgz#d62dbb5679405d72c4737ec58600e9ddcf06d24c"
  integrity sha512-GSmOT2EbHrINBf9SR7CDELwlJ8AENk3Qn7OikK4nFYAu3Ote2+JYNVvkpAEQm3/TLNEJFD/xZJjzyxg3KBWOzw==

pump@^3.0.0:
  version "3.0.0"
  resolved "https://registry.yarnpkg.com/pump/-/pump-3.0.0.tgz#b4a2116815bde2f4e1ea602354e8c75565107a64"
  integrity sha512-LwZy+p3SFs1Pytd/jYct4wpv49HiYCqd9Rlc5ZVdk0V+8Yzv6jR5Blk3TRmPL1ft69TxP0IMZGJ+WPFU2BFhww==
  dependencies:
    end-of-stream "^1.1.0"
    once "^1.3.1"

rechoir@^0.6.2:
  version "0.6.2"
  resolved "https://registry.yarnpkg.com/rechoir/-/rechoir-0.6.2.tgz#85204b54dba82d5742e28c96756ef43af50e3384"
  integrity sha1-hSBLVNuoLVdC4oyWdW70OvUOM4Q=
  dependencies:
    resolve "^1.1.6"

resolve@^1.1.6:
  version "1.15.1"
  resolved "https://registry.yarnpkg.com/resolve/-/resolve-1.15.1.tgz#27bdcdeffeaf2d6244b95bb0f9f4b4653451f3e8"
  integrity sha512-84oo6ZTtoTUpjgNEr5SJyzQhzL72gaRodsSfyxC/AXRvwu0Yse9H8eF9IpGo7b8YetZhlI6v7ZQ6bKBFV/6S7w==
  dependencies:
    path-parse "^1.0.6"

restore-cursor@^3.1.0:
  version "3.1.0"
  resolved "https://registry.yarnpkg.com/restore-cursor/-/restore-cursor-3.1.0.tgz#39f67c54b3a7a58cea5236d95cf0034239631f7e"
  integrity sha512-l+sSefzHpj5qimhFSE5a8nufZYAM3sBSVMAPtYkmC+4EH2anSGaEMXSD0izRQbu9nfyQ9y5JrVmp7E8oZrUjvA==
  dependencies:
    onetime "^5.1.0"
    signal-exit "^3.0.2"

sade@1.7.3:
  version "1.7.3"
  resolved "https://registry.yarnpkg.com/sade/-/sade-1.7.3.tgz#a217ccc4fb4abb2d271648bf48f6628b2636fa1b"
  integrity sha512-m4BctppMvJ60W1dXnHq7jMmFe3hPJZDAH85kQ3ACTo7XZNVUuTItCQ+2HfyaMeV5cKrbw7l4vD/6We3GBxvdJw==
  dependencies:
    mri "^1.1.0"

shebang-command@^2.0.0:
  version "2.0.0"
  resolved "https://registry.yarnpkg.com/shebang-command/-/shebang-command-2.0.0.tgz#ccd0af4f8835fbdc265b82461aaf0c36663f34ea"
  integrity sha512-kHxr2zZpYtdmrN1qDjrrX/Z1rR1kG8Dx+gkpK1G4eXmvXswmcE1hTWBWYUzlraYw1/yZp6YuDY77YtvbN0dmDA==
  dependencies:
    shebang-regex "^3.0.0"

shebang-regex@^3.0.0:
  version "3.0.0"
  resolved "https://registry.yarnpkg.com/shebang-regex/-/shebang-regex-3.0.0.tgz#ae16f1644d873ecad843b0307b143362d4c42172"
  integrity sha512-7++dFhtcx3353uBaq8DDR4NuxBetBzC7ZQOhmTQInHEd6bSrXdiEyzCvG07Z44UYdLShWUyXt5M/yhz8ekcb1A==

shelljs@0.8.3:
  version "0.8.3"
  resolved "https://registry.yarnpkg.com/shelljs/-/shelljs-0.8.3.tgz#a7f3319520ebf09ee81275b2368adb286659b097"
  integrity sha512-fc0BKlAWiLpwZljmOvAOTE/gXawtCoNrP5oaY7KIaQbbyHeQVg01pSEuEGvGh3HEdBU4baCD7wQBwADmM/7f7A==
  dependencies:
    glob "^7.0.0"
    interpret "^1.0.0"
    rechoir "^0.6.2"

signal-exit@^3.0.2:
  version "3.0.2"
  resolved "https://registry.yarnpkg.com/signal-exit/-/signal-exit-3.0.2.tgz#b5fdc08f1287ea1178628e415e25132b73646c6d"
  integrity sha1-tf3AjxKH6hF4Yo5BXiUTK3NkbG0=

strip-ansi@^6.0.0:
  version "6.0.0"
  resolved "https://registry.yarnpkg.com/strip-ansi/-/strip-ansi-6.0.0.tgz#0b1571dd7669ccd4f3e06e14ef1eed26225ae532"
  integrity sha512-AuvKTrTfQNYNIctbR1K/YGTR1756GycPsg7b9bdV9Duqur4gv6aKqHXah67Z8ImS7WEz5QVcOtlfW2rZEugt6w==
  dependencies:
    ansi-regex "^5.0.0"

strip-final-newline@^2.0.0:
  version "2.0.0"
  resolved "https://registry.yarnpkg.com/strip-final-newline/-/strip-final-newline-2.0.0.tgz#89b852fb2fcbe936f6f4b3187afb0a12c1ab58ad"
  integrity sha512-BrpvfNAE3dcvq7ll3xVumzjKjZQ5tI1sEUIKr3Uoks0XUl45St3FlatVqef9prk4jRDzhW6WZg+3bk93y6pLjA==

supports-color@^5.3.0:
  version "5.5.0"
  resolved "https://registry.yarnpkg.com/supports-color/-/supports-color-5.5.0.tgz#e2e69a44ac8772f78a1ec0b35b689df6530efc8f"
  integrity sha512-QjVjwdXIt408MIiAqCX4oUKsgU2EqAGzs2Ppkm4aQYbjm+ZEWEcW4SfFNTr4uMNZma0ey4f5lgLrkB0aX0QMow==
  dependencies:
    has-flag "^3.0.0"

supports-color@^7.1.0:
  version "7.1.0"
  resolved "https://registry.yarnpkg.com/supports-color/-/supports-color-7.1.0.tgz#68e32591df73e25ad1c4b49108a2ec507962bfd1"
  integrity sha512-oRSIpR8pxT1Wr2FquTNnGet79b3BWljqOuoW/h4oBhxJ/HUbX5nX6JSruTkvXDCFMwDPvsaTTbvMLKZWSy0R5g==
  dependencies:
    has-flag "^4.0.0"

universalify@^0.1.0:
  version "0.1.2"
  resolved "https://registry.yarnpkg.com/universalify/-/universalify-0.1.2.tgz#b646f69be3942dabcecc9d6639c80dc105efaa66"
  integrity sha512-rBJeI5CXAlmy1pV+617WB9J63U6XcazHHF2f2dbJix4XzpUF0RS3Zbj0FGIOCAva5P/d/GBOYaACQ1w+0azUkg==

wcwidth@^1.0.1:
  version "1.0.1"
  resolved "https://registry.yarnpkg.com/wcwidth/-/wcwidth-1.0.1.tgz#f0b0dcf915bc5ff1528afadb2c0e17b532da2fe8"
  integrity sha1-8LDc+RW8X/FSivrbLA4XtTLaL+g=
  dependencies:
    defaults "^1.0.3"

which@^2.0.1:
  version "2.0.2"
  resolved "https://registry.yarnpkg.com/which/-/which-2.0.2.tgz#7c6a8dd0a636a0327e10b59c9286eee93f3f51b1"
  integrity sha512-BLI3Tl1TW3Pvl70l3yq3Y64i+awpwXqsGBYWkkqMtnbXgrMD+yj7rhW0kuEDxzJaYXGjEW5ogapKNMEKNMjibA==
  dependencies:
    isexe "^2.0.0"

wrappy@1:
  version "1.0.2"
  resolved "https://registry.yarnpkg.com/wrappy/-/wrappy-1.0.2.tgz#b5243d8f3ec1aa35f1364605bc0d1036e30ab69f"
  integrity sha1-tSQ9jz7BqjXxNkYFvA0QNuMKtp8=
